{
  "name": "Qiita_LGTM_rate",
  "version": "1.0.0",
  "lockfileVersion": 1,
  "requires": true,
  "dependencies": {
    "@types/google-apps-script": {
      "version": "1.0.41",
      "resolved": "https://registry.npmjs.org/@types/google-apps-script/-/google-apps-script-1.0.41.tgz",
      "integrity": "sha512-Lv8Tila1iNUynITT0H4lR59fcdkZ1JOPQiuthaOoG/agAbWYkZLeaR6yLIeRydFQ2bQqVgOrAXlmu8Ut8uUcOA=="
    },
    "typescript": {
      "version": "4.5.4",
      "resolved": "https://registry.npmjs.org/typescript/-/typescript-4.5.4.tgz",
      "integrity": "sha512-VgYs2A2QIRuGphtzFV7aQJduJ2gyfTljngLzjpfW9FoYZF6xuw1W0vW9ghCKLfcWrCFxK81CSGRAvS1pn4fIUg=="
    }
  }
}
